// !$*UTF8*$!
{
	archiveVersion = 1;
	classes = {
	};
	objectVersion = 50;
	objects = {

/* Begin PBXBuildFile section */
		BC0C8F7F249D2DA700F4069A /* NotificationDismisserViewController.swift in Sources */ = {isa = PBXBuildFile; fileRef = BC0C8F7E249D2DA700F4069A /* NotificationDismisserViewController.swift */; };
		BCA23647249F393700FA118C /* AutomatedDismisserViewController.swift in Sources */ = {isa = PBXBuildFile; fileRef = BCA23646249F393700FA118C /* AutomatedDismisserViewController.swift */; };
		BCA23649249F970700FA118C /* ParentViewController.swift in Sources */ = {isa = PBXBuildFile; fileRef = BCA23648249F970700FA118C /* ParentViewController.swift */; };
		BCA2364B249F971400FA118C /* ChildViewController.swift in Sources */ = {isa = PBXBuildFile; fileRef = BCA2364A249F971400FA118C /* ChildViewController.swift */; };
		BCA4D2ED249A87DE0031C56E /* AppDelegate.swift in Sources */ = {isa = PBXBuildFile; fileRef = BCA4D2EC249A87DE0031C56E /* AppDelegate.swift */; };
		BCA4D2EF249A87DE0031C56E /* SceneDelegate.swift in Sources */ = {isa = PBXBuildFile; fileRef = BCA4D2EE249A87DE0031C56E /* SceneDelegate.swift */; };
		BCA4D2F1249A87DE0031C56E /* ViewController.swift in Sources */ = {isa = PBXBuildFile; fileRef = BCA4D2F0249A87DE0031C56E /* ViewController.swift */; };
		BCA4D2F4249A87DE0031C56E /* Main.storyboard in Resources */ = {isa = PBXBuildFile; fileRef = BCA4D2F2249A87DE0031C56E /* Main.storyboard */; };
		BCA4D2F6249A87E00031C56E /* Assets.xcassets in Resources */ = {isa = PBXBuildFile; fileRef = BCA4D2F5249A87E00031C56E /* Assets.xcassets */; };
		BCA4D2F9249A87E00031C56E /* LaunchScreen.storyboard in Resources */ = {isa = PBXBuildFile; fileRef = BCA4D2F7249A87E00031C56E /* LaunchScreen.storyboard */; };
		BCA4D304249A87E00031C56E /* NotificationListenerTestTests.swift in Sources */ = {isa = PBXBuildFile; fileRef = BCA4D303249A87E00031C56E /* NotificationListenerTestTests.swift */; };
		BCA4D30F249A87E00031C56E /* NotificationListenerTestUITests.swift in Sources */ = {isa = PBXBuildFile; fileRef = BCA4D30E249A87E00031C56E /* NotificationListenerTestUITests.swift */; };
		BCA4D31D249A97620031C56E /* InitialViewController.swift in Sources */ = {isa = PBXBuildFile; fileRef = BCA4D31C249A97620031C56E /* InitialViewController.swift */; };
		BCE403A424A7B6F00054E207 /* ArrayHandlerViewController.swift in Sources */ = {isa = PBXBuildFile; fileRef = BCE403A324A7B6F00054E207 /* ArrayHandlerViewController.swift */; };
/* End PBXBuildFile section */

/* Begin PBXContainerItemProxy section */
		BCA4D300249A87E00031C56E /* PBXContainerItemProxy */ = {
			isa = PBXContainerItemProxy;
			containerPortal = BCA4D2E1249A87DE0031C56E /* Project object */;
			proxyType = 1;
			remoteGlobalIDString = BCA4D2E8249A87DE0031C56E;
			remoteInfo = NotificationListenerTest;
		};
		BCA4D30B249A87E00031C56E /* PBXContainerItemProxy */ = {
			isa = PBXContainerItemProxy;
			containerPortal = BCA4D2E1249A87DE0031C56E /* Project object */;
			proxyType = 1;
			remoteGlobalIDString = BCA4D2E8249A87DE0031C56E;
			remoteInfo = NotificationListenerTest;
		};
/* End PBXContainerItemProxy section */

/* Begin PBXFileReference section */
		BC0C8F7E249D2DA700F4069A /* NotificationDismisserViewController.swift */ = {isa = PBXFileReference; lastKnownFileType = sourcecode.swift; path = NotificationDismisserViewController.swift; sourceTree = "<group>"; };
		BCA23646249F393700FA118C /* AutomatedDismisserViewController.swift */ = {isa = PBXFileReference; lastKnownFileType = sourcecode.swift; path = AutomatedDismisserViewController.swift; sourceTree = "<group>"; };
		BCA23648249F970700FA118C /* ParentViewController.swift */ = {isa = PBXFileReference; lastKnownFileType = sourcecode.swift; path = ParentViewController.swift; sourceTree = "<group>"; };
		BCA2364A249F971400FA118C /* ChildViewController.swift */ = {isa = PBXFileReference; lastKnownFileType = sourcecode.swift; path = ChildViewController.swift; sourceTree = "<group>"; };
		BCA4D2E9249A87DE0031C56E /* NotificationListenerTest.app */ = {isa = PBXFileReference; explicitFileType = wrapper.application; includeInIndex = 0; path = NotificationListenerTest.app; sourceTree = BUILT_PRODUCTS_DIR; };
		BCA4D2EC249A87DE0031C56E /* AppDelegate.swift */ = {isa = PBXFileReference; lastKnownFileType = sourcecode.swift; path = AppDelegate.swift; sourceTree = "<group>"; };
		BCA4D2EE249A87DE0031C56E /* SceneDelegate.swift */ = {isa = PBXFileReference; lastKnownFileType = sourcecode.swift; path = SceneDelegate.swift; sourceTree = "<group>"; };
		BCA4D2F0249A87DE0031C56E /* ViewController.swift */ = {isa = PBXFileReference; lastKnownFileType = sourcecode.swift; path = ViewController.swift; sourceTree = "<group>"; };
		BCA4D2F3249A87DE0031C56E /* Base */ = {isa = PBXFileReference; lastKnownFileType = file.storyboard; name = Base; path = Base.lproj/Main.storyboard; sourceTree = "<group>"; };
		BCA4D2F5249A87E00031C56E /* Assets.xcassets */ = {isa = PBXFileReference; lastKnownFileType = folder.assetcatalog; path = Assets.xcassets; sourceTree = "<group>"; };
		BCA4D2F8249A87E00031C56E /* Base */ = {isa = PBXFileReference; lastKnownFileType = file.storyboard; name = Base; path = Base.lproj/LaunchScreen.storyboard; sourceTree = "<group>"; };
		BCA4D2FA249A87E00031C56E /* Info.plist */ = {isa = PBXFileReference; lastKnownFileType = text.plist.xml; path = Info.plist; sourceTree = "<group>"; };
		BCA4D2FF249A87E00031C56E /* NotificationListenerTestTests.xctest */ = {isa = PBXFileReference; explicitFileType = wrapper.cfbundle; includeInIndex = 0; path = NotificationListenerTestTests.xctest; sourceTree = BUILT_PRODUCTS_DIR; };
		BCA4D303249A87E00031C56E /* NotificationListenerTestTests.swift */ = {isa = PBXFileReference; lastKnownFileType = sourcecode.swift; path = NotificationListenerTestTests.swift; sourceTree = "<group>"; };
		BCA4D305249A87E00031C56E /* Info.plist */ = {isa = PBXFileReference; lastKnownFileType = text.plist.xml; path = Info.plist; sourceTree = "<group>"; };
		BCA4D30A249A87E00031C56E /* NotificationListenerTestUITests.xctest */ = {isa = PBXFileReference; explicitFileType = wrapper.cfbundle; includeInIndex = 0; path = NotificationListenerTestUITests.xctest; sourceTree = BUILT_PRODUCTS_DIR; };
		BCA4D30E249A87E00031C56E /* NotificationListenerTestUITests.swift */ = {isa = PBXFileReference; lastKnownFileType = sourcecode.swift; path = NotificationListenerTestUITests.swift; sourceTree = "<group>"; };
		BCA4D310249A87E00031C56E /* Info.plist */ = {isa = PBXFileReference; lastKnownFileType = text.plist.xml; path = Info.plist; sourceTree = "<group>"; };
		BCA4D31C249A97620031C56E /* InitialViewController.swift */ = {isa = PBXFileReference; lastKnownFileType = sourcecode.swift; path = InitialViewController.swift; sourceTree = "<group>"; };
		BCE403A324A7B6F00054E207 /* ArrayHandlerViewController.swift */ = {isa = PBXFileReference; lastKnownFileType = sourcecode.swift; path = ArrayHandlerViewController.swift; sourceTree = "<group>"; };
/* End PBXFileReference section */

/* Begin PBXFrameworksBuildPhase section */
		BCA4D2E6249A87DE0031C56E /* Frameworks */ = {
			isa = PBXFrameworksBuildPhase;
			buildActionMask = 2147483647;
			files = (
			);
			runOnlyForDeploymentPostprocessing = 0;
		};
		BCA4D2FC249A87E00031C56E /* Frameworks */ = {
			isa = PBXFrameworksBuildPhase;
			buildActionMask = 2147483647;
			files = (
			);
			runOnlyForDeploymentPostprocessing = 0;
		};
		BCA4D307249A87E00031C56E /* Frameworks */ = {
			isa = PBXFrameworksBuildPhase;
			buildActionMask = 2147483647;
			files = (
			);
			runOnlyForDeploymentPostprocessing = 0;
		};
/* End PBXFrameworksBuildPhase section */

/* Begin PBXGroup section */
		BCA2364C249F973100FA118C /* ViewWithoutRemovingObserver */ = {
			isa = PBXGroup;
			children = (
				BCA4D2F0249A87DE0031C56E /* ViewController.swift */,
			);
			path = ViewWithoutRemovingObserver;
			sourceTree = "<group>";
		};
		BCA2364D249F974F00FA118C /* ViewWithObserverRemover */ = {
			isa = PBXGroup;
			children = (
				BC0C8F7E249D2DA700F4069A /* NotificationDismisserViewController.swift */,
			);
			path = ViewWithObserverRemover;
			sourceTree = "<group>";
		};
		BCA2364E249F977300FA118C /* ViewWithAutomatedRemover */ = {
			isa = PBXGroup;
			children = (
				BCA23646249F393700FA118C /* AutomatedDismisserViewController.swift */,
			);
			path = ViewWithAutomatedRemover;
			sourceTree = "<group>";
		};
		BCA2364F249F97A900FA118C /* ParentChildConflicts */ = {
			isa = PBXGroup;
			children = (
				BCA23648249F970700FA118C /* ParentViewController.swift */,
				BCA2364A249F971400FA118C /* ChildViewController.swift */,
			);
			path = ParentChildConflicts;
			sourceTree = "<group>";
		};
		BCA4D2E0249A87DE0031C56E = {
			isa = PBXGroup;
			children = (
				BCA4D2EB249A87DE0031C56E /* NotificationListenerTest */,
				BCA4D302249A87E00031C56E /* NotificationListenerTestTests */,
				BCA4D30D249A87E00031C56E /* NotificationListenerTestUITests */,
				BCA4D2EA249A87DE0031C56E /* Products */,
			);
			sourceTree = "<group>";
		};
		BCA4D2EA249A87DE0031C56E /* Products */ = {
			isa = PBXGroup;
			children = (
				BCA4D2E9249A87DE0031C56E /* NotificationListenerTest.app */,
				BCA4D2FF249A87E00031C56E /* NotificationListenerTestTests.xctest */,
				BCA4D30A249A87E00031C56E /* NotificationListenerTestUITests.xctest */,
			);
			name = Products;
			sourceTree = "<group>";
		};
		BCA4D2EB249A87DE0031C56E /* NotificationListenerTest */ = {
			isa = PBXGroup;
			children = (
				BCA4D31C249A97620031C56E /* InitialViewController.swift */,
				BCA2364C249F973100FA118C /* ViewWithoutRemovingObserver */,
				BCA2364D249F974F00FA118C /* ViewWithObserverRemover */,
				BCA2364E249F977300FA118C /* ViewWithAutomatedRemover */,
				BCA2364F249F97A900FA118C /* ParentChildConflicts */,
				BCE403A224A7939A0054E207 /* AutomatingThroughArray */,
				BCA4D2F2249A87DE0031C56E /* Main.storyboard */,
				BCA4D2F5249A87E00031C56E /* Assets.xcassets */,
				BCA4D2F7249A87E00031C56E /* LaunchScreen.storyboard */,
				BCA4D2FA249A87E00031C56E /* Info.plist */,
				BCA4D2EC249A87DE0031C56E /* AppDelegate.swift */,
				BCA4D2EE249A87DE0031C56E /* SceneDelegate.swift */,
			);
			path = NotificationListenerTest;
			sourceTree = "<group>";
		};
		BCA4D302249A87E00031C56E /* NotificationListenerTestTests */ = {
			isa = PBXGroup;
			children = (
				BCA4D303249A87E00031C56E /* NotificationListenerTestTests.swift */,
				BCA4D305249A87E00031C56E /* Info.plist */,
			);
			path = NotificationListenerTestTests;
			sourceTree = "<group>";
		};
		BCA4D30D249A87E00031C56E /* NotificationListenerTestUITests */ = {
			isa = PBXGroup;
			children = (
				BCA4D30E249A87E00031C56E /* NotificationListenerTestUITests.swift */,
				BCA4D310249A87E00031C56E /* Info.plist */,
			);
			path = NotificationListenerTestUITests;
			sourceTree = "<group>";
		};
		BCE403A224A7939A0054E207 /* AutomatingThroughArray */ = {
			isa = PBXGroup;
			children = (
				BCE403A324A7B6F00054E207 /* ArrayHandlerViewController.swift */,
			);
			path = AutomatingThroughArray;
			sourceTree = "<group>";
		};
/* End PBXGroup section */

/* Begin PBXNativeTarget section */
		BCA4D2E8249A87DE0031C56E /* NotificationListenerTest */ = {
			isa = PBXNativeTarget;
			buildConfigurationList = BCA4D313249A87E00031C56E /* Build configuration list for PBXNativeTarget "NotificationListenerTest" */;
			buildPhases = (
				BCA4D2E5249A87DE0031C56E /* Sources */,
				BCA4D2E6249A87DE0031C56E /* Frameworks */,
				BCA4D2E7249A87DE0031C56E /* Resources */,
			);
			buildRules = (
			);
			dependencies = (
			);
			name = NotificationListenerTest;
			productName = NotificationListenerTest;
			productReference = BCA4D2E9249A87DE0031C56E /* NotificationListenerTest.app */;
			productType = "com.apple.product-type.application";
		};
		BCA4D2FE249A87E00031C56E /* NotificationListenerTestTests */ = {
			isa = PBXNativeTarget;
			buildConfigurationList = BCA4D316249A87E00031C56E /* Build configuration list for PBXNativeTarget "NotificationListenerTestTests" */;
			buildPhases = (
				BCA4D2FB249A87E00031C56E /* Sources */,
				BCA4D2FC249A87E00031C56E /* Frameworks */,
				BCA4D2FD249A87E00031C56E /* Resources */,
			);
			buildRules = (
			);
			dependencies = (
				BCA4D301249A87E00031C56E /* PBXTargetDependency */,
			);
			name = NotificationListenerTestTests;
			productName = NotificationListenerTestTests;
			productReference = BCA4D2FF249A87E00031C56E /* NotificationListenerTestTests.xctest */;
			productType = "com.apple.product-type.bundle.unit-test";
		};
		BCA4D309249A87E00031C56E /* NotificationListenerTestUITests */ = {
			isa = PBXNativeTarget;
			buildConfigurationList = BCA4D319249A87E00031C56E /* Build configuration list for PBXNativeTarget "NotificationListenerTestUITests" */;
			buildPhases = (
				BCA4D306249A87E00031C56E /* Sources */,
				BCA4D307249A87E00031C56E /* Frameworks */,
				BCA4D308249A87E00031C56E /* Resources */,
			);
			buildRules = (
			);
			dependencies = (
				BCA4D30C249A87E00031C56E /* PBXTargetDependency */,
			);
			name = NotificationListenerTestUITests;
			productName = NotificationListenerTestUITests;
			productReference = BCA4D30A249A87E00031C56E /* NotificationListenerTestUITests.xctest */;
			productType = "com.apple.product-type.bundle.ui-testing";
		};
/* End PBXNativeTarget section */

/* Begin PBXProject section */
		BCA4D2E1249A87DE0031C56E /* Project object */ = {
			isa = PBXProject;
			attributes = {
				LastSwiftUpdateCheck = 1120;
				LastUpgradeCheck = 1120;
				ORGANIZATIONNAME = "Sujananth Visvaratnam";
				TargetAttributes = {
					BCA4D2E8249A87DE0031C56E = {
						CreatedOnToolsVersion = 11.2.1;
					};
					BCA4D2FE249A87E00031C56E = {
						CreatedOnToolsVersion = 11.2.1;
						TestTargetID = BCA4D2E8249A87DE0031C56E;
					};
					BCA4D309249A87E00031C56E = {
						CreatedOnToolsVersion = 11.2.1;
						TestTargetID = BCA4D2E8249A87DE0031C56E;
					};
				};
			};
			buildConfigurationList = BCA4D2E4249A87DE0031C56E /* Build configuration list for PBXProject "NotificationListenerTest" */;
			compatibilityVersion = "Xcode 9.3";
			developmentRegion = en;
			hasScannedForEncodings = 0;
			knownRegions = (
				en,
				Base,
			);
			mainGroup = BCA4D2E0249A87DE0031C56E;
			productRefGroup = BCA4D2EA249A87DE0031C56E /* Products */;
			projectDirPath = "";
			projectRoot = "";
			targets = (
				BCA4D2E8249A87DE0031C56E /* NotificationListenerTest */,
				BCA4D2FE249A87E00031C56E /* NotificationListenerTestTests */,
				BCA4D309249A87E00031C56E /* NotificationListenerTestUITests */,
			);
		};
/* End PBXProject section */

/* Begin PBXResourcesBuildPhase section */
		BCA4D2E7249A87DE0031C56E /* Resources */ = {
			isa = PBXResourcesBuildPhase;
			buildActionMask = 2147483647;
			files = (
				BCA4D2F9249A87E00031C56E /* LaunchScreen.storyboard in Resources */,
				BCA4D2F6249A87E00031C56E /* Assets.xcassets in Resources */,
				BCA4D2F4249A87DE0031C56E /* Main.storyboard in Resources */,
			);
			runOnlyForDeploymentPostprocessing = 0;
		};
		BCA4D2FD249A87E00031C56E /* Resources */ = {
			isa = PBXResourcesBuildPhase;
			buildActionMask = 2147483647;
			files = (
			);
			runOnlyForDeploymentPostprocessing = 0;
		};
		BCA4D308249A87E00031C56E /* Resources */ = {
			isa = PBXResourcesBuildPhase;
			buildActionMask = 2147483647;
			files = (
			);
			runOnlyForDeploymentPostprocessing = 0;
		};
/* End PBXResourcesBuildPhase section */

/* Begin PBXSourcesBuildPhase section */
		BCA4D2E5249A87DE0031C56E /* Sources */ = {
			isa = PBXSourcesBuildPhase;
			buildActionMask = 2147483647;
			files = (
				BCA4D2F1249A87DE0031C56E /* ViewController.swift in Sources */,
				BCA23647249F393700FA118C /* AutomatedDismisserViewController.swift in Sources */,
				BCA4D2ED249A87DE0031C56E /* AppDelegate.swift in Sources */,
				BCA23649249F970700FA118C /* ParentViewController.swift in Sources */,
				BC0C8F7F249D2DA700F4069A /* NotificationDismisserViewController.swift in Sources */,
				BCE403A424A7B6F00054E207 /* ArrayHandlerViewController.swift in Sources */,
				BCA4D2EF249A87DE0031C56E /* SceneDelegate.swift in Sources */,
				BCA4D31D249A97620031C56E /* InitialViewController.swift in Sources */,
				BCA2364B249F971400FA118C /* ChildViewController.swift in Sources */,
			);
			runOnlyForDeploymentPostprocessing = 0;
		};
		BCA4D2FB249A87E00031C56E /* Sources */ = {
			isa = PBXSourcesBuildPhase;
			buildActionMask = 2147483647;
			files = (
				BCA4D304249A87E00031C56E /* NotificationListenerTestTests.swift in Sources */,
			);
			runOnlyForDeploymentPostprocessing = 0;
		};
		BCA4D306249A87E00031C56E /* Sources */ = {
			isa = PBXSourcesBuildPhase;
			buildActionMask = 2147483647;
			files = (
				BCA4D30F249A87E00031C56E /* NotificationListenerTestUITests.swift in Sources */,
			);
			runOnlyForDeploymentPostprocessing = 0;
		};
/* End PBXSourcesBuildPhase section */

/* Begin PBXTargetDependency section */
		BCA4D301249A87E00031C56E /* PBXTargetDependency */ = {
			isa = PBXTargetDependency;
			target = BCA4D2E8249A87DE0031C56E /* NotificationListenerTest */;
			targetProxy = BCA4D300249A87E00031C56E /* PBXContainerItemProxy */;
		};
		BCA4D30C249A87E00031C56E /* PBXTargetDependency */ = {
			isa = PBXTargetDependency;
			target = BCA4D2E8249A87DE0031C56E /* NotificationListenerTest */;
			targetProxy = BCA4D30B249A87E00031C56E /* PBXContainerItemProxy */;
		};
/* End PBXTargetDependency section */

/* Begin PBXVariantGroup section */
		BCA4D2F2249A87DE0031C56E /* Main.storyboard */ = {
			isa = PBXVariantGroup;
			children = (
				BCA4D2F3249A87DE0031C56E /* Base */,
			);
			name = Main.storyboard;
			sourceTree = "<group>";
		};
		BCA4D2F7249A87E00031C56E /* LaunchScreen.storyboard */ = {
			isa = PBXVariantGroup;
			children = (
				BCA4D2F8249A87E00031C56E /* Base */,
			);
			name = LaunchScreen.storyboard;
			sourceTree = "<group>";
		};
/* End PBXVariantGroup section */

/* Begin XCBuildConfiguration section */
		BCA4D311249A87E00031C56E /* Debug */ = {
			isa = XCBuildConfiguration;
			buildSettings = {
				ALWAYS_SEARCH_USER_PATHS = NO;
				CLANG_ANALYZER_NONNULL = YES;
				CLANG_ANALYZER_NUMBER_OBJECT_CONVERSION = YES_AGGRESSIVE;
				CLANG_CXX_LANGUAGE_STANDARD = "gnu++14";
				CLANG_CXX_LIBRARY = "libc++";
				CLANG_ENABLE_MODULES = YES;
				CLANG_ENABLE_OBJC_ARC = YES;
				CLANG_ENABLE_OBJC_WEAK = YES;
				CLANG_WARN_BLOCK_CAPTURE_AUTORELEASING = YES;
				CLANG_WARN_BOOL_CONVERSION = YES;
				CLANG_WARN_COMMA = YES;
				CLANG_WARN_CONSTANT_CONVERSION = YES;
				CLANG_WARN_DEPRECATED_OBJC_IMPLEMENTATIONS = YES;
				CLANG_WARN_DIRECT_OBJC_ISA_USAGE = YES_ERROR;
				CLANG_WARN_DOCUMENTATION_COMMENTS = YES;
				CLANG_WARN_EMPTY_BODY = YES;
				CLANG_WARN_ENUM_CONVERSION = YES;
				CLANG_WARN_INFINITE_RECURSION = YES;
				CLANG_WARN_INT_CONVERSION = YES;
				CLANG_WARN_NON_LITERAL_NULL_CONVERSION = YES;
				CLANG_WARN_OBJC_IMPLICIT_RETAIN_SELF = YES;
				CLANG_WARN_OBJC_LITERAL_CONVERSION = YES;
				CLANG_WARN_OBJC_ROOT_CLASS = YES_ERROR;
				CLANG_WARN_RANGE_LOOP_ANALYSIS = YES;
				CLANG_WARN_STRICT_PROTOTYPES = YES;
				CLANG_WARN_SUSPICIOUS_MOVE = YES;
				CLANG_WARN_UNGUARDED_AVAILABILITY = YES_AGGRESSIVE;
				CLANG_WARN_UNREACHABLE_CODE = YES;
				CLANG_WARN__DUPLICATE_METHOD_MATCH = YES;
				COPY_PHASE_STRIP = NO;
				DEBUG_INFORMATION_FORMAT = dwarf;
				ENABLE_STRICT_OBJC_MSGSEND = YES;
				ENABLE_TESTABILITY = YES;
				GCC_C_LANGUAGE_STANDARD = gnu11;
				GCC_DYNAMIC_NO_PIC = NO;
				GCC_NO_COMMON_BLOCKS = YES;
				GCC_OPTIMIZATION_LEVEL = 0;
				GCC_PREPROCESSOR_DEFINITIONS = (
					"DEBUG=1",
					"$(inherited)",
				);
				GCC_WARN_64_TO_32_BIT_CONVERSION = YES;
				GCC_WARN_ABOUT_RETURN_TYPE = YES_ERROR;
				GCC_WARN_UNDECLARED_SELECTOR = YES;
				GCC_WARN_UNINITIALIZED_AUTOS = YES_AGGRESSIVE;
				GCC_WARN_UNUSED_FUNCTION = YES;
				GCC_WARN_UNUSED_VARIABLE = YES;
				IPHONEOS_DEPLOYMENT_TARGET = 12.0;
				MTL_ENABLE_DEBUG_INFO = INCLUDE_SOURCE;
				MTL_FAST_MATH = YES;
				ONLY_ACTIVE_ARCH = YES;
				SDKROOT = iphoneos;
				SWIFT_ACTIVE_COMPILATION_CONDITIONS = DEBUG;
				SWIFT_OPTIMIZATION_LEVEL = "-Onone";
			};
			name = Debug;
		};
		BCA4D312249A87E00031C56E /* Release */ = {
			isa = XCBuildConfiguration;
			buildSettings = {
				ALWAYS_SEARCH_USER_PATHS = NO;
				CLANG_ANALYZER_NONNULL = YES;
				CLANG_ANALYZER_NUMBER_OBJECT_CONVERSION = YES_AGGRESSIVE;
				CLANG_CXX_LANGUAGE_STANDARD = "gnu++14";
				CLANG_CXX_LIBRARY = "libc++";
				CLANG_ENABLE_MODULES = YES;
				CLANG_ENABLE_OBJC_ARC = YES;
				CLANG_ENABLE_OBJC_WEAK = YES;
				CLANG_WARN_BLOCK_CAPTURE_AUTORELEASING = YES;
				CLANG_WARN_BOOL_CONVERSION = YES;
				CLANG_WARN_COMMA = YES;
				CLANG_WARN_CONSTANT_CONVERSION = YES;
				CLANG_WARN_DEPRECATED_OBJC_IMPLEMENTATIONS = YES;
				CLANG_WARN_DIRECT_OBJC_ISA_USAGE = YES_ERROR;
				CLANG_WARN_DOCUMENTATION_COMMENTS = YES;
				CLANG_WARN_EMPTY_BODY = YES;
				CLANG_WARN_ENUM_CONVERSION = YES;
				CLANG_WARN_INFINITE_RECURSION = YES;
				CLANG_WARN_INT_CONVERSION = YES;
				CLANG_WARN_NON_LITERAL_NULL_CONVERSION = YES;
				CLANG_WARN_OBJC_IMPLICIT_RETAIN_SELF = YES;
				CLANG_WARN_OBJC_LITERAL_CONVERSION = YES;
				CLANG_WARN_OBJC_ROOT_CLASS = YES_ERROR;
				CLANG_WARN_RANGE_LOOP_ANALYSIS = YES;
				CLANG_WARN_STRICT_PROTOTYPES = YES;
				CLANG_WARN_SUSPICIOUS_MOVE = YES;
				CLANG_WARN_UNGUARDED_AVAILABILITY = YES_AGGRESSIVE;
				CLANG_WARN_UNREACHABLE_CODE = YES;
				CLANG_WARN__DUPLICATE_METHOD_MATCH = YES;
				COPY_PHASE_STRIP = NO;
				DEBUG_INFORMATION_FORMAT = "dwarf-with-dsym";
				ENABLE_NS_ASSERTIONS = NO;
				ENABLE_STRICT_OBJC_MSGSEND = YES;
				GCC_C_LANGUAGE_STANDARD = gnu11;
				GCC_NO_COMMON_BLOCKS = YES;
				GCC_WARN_64_TO_32_BIT_CONVERSION = YES;
				GCC_WARN_ABOUT_RETURN_TYPE = YES_ERROR;
				GCC_WARN_UNDECLARED_SELECTOR = YES;
				GCC_WARN_UNINITIALIZED_AUTOS = YES_AGGRESSIVE;
				GCC_WARN_UNUSED_FUNCTION = YES;
				GCC_WARN_UNUSED_VARIABLE = YES;
				IPHONEOS_DEPLOYMENT_TARGET = 12.0;
				MTL_ENABLE_DEBUG_INFO = NO;
				MTL_FAST_MATH = YES;
				SDKROOT = iphoneos;
				SWIFT_COMPILATION_MODE = wholemodule;
				SWIFT_OPTIMIZATION_LEVEL = "-O";
				VALIDATE_PRODUCT = YES;
			};
			name = Release;
		};
		BCA4D314249A87E00031C56E /* Debug */ = {
			isa = XCBuildConfiguration;
			buildSettings = {
				ASSETCATALOG_COMPILER_APPICON_NAME = AppIcon;
				CODE_SIGN_STYLE = Automatic;
				DEVELOPMENT_TEAM = 99WN7RZTZK;
				INFOPLIST_FILE = NotificationListenerTest/Info.plist;
				LD_RUNPATH_SEARCH_PATHS = (
					"$(inherited)",
					"@executable_path/Frameworks",
				);
				PRODUCT_BUNDLE_IDENTIFIER = DarkModeTest.NotificationListenerTest;
				PRODUCT_NAME = "$(TARGET_NAME)";
				SWIFT_VERSION = 5.0;
				TARGETED_DEVICE_FAMILY = "1,2";
			};
			name = Debug;
		};
		BCA4D315249A87E00031C56E /* Release */ = {
			isa = XCBuildConfiguration;
			buildSettings = {
				ASSETCATALOG_COMPILER_APPICON_NAME = AppIcon;
				CODE_SIGN_STYLE = Automatic;
				DEVELOPMENT_TEAM = 99WN7RZTZK;
				INFOPLIST_FILE = NotificationListenerTest/Info.plist;
				LD_RUNPATH_SEARCH_PATHS = (
					"$(inherited)",
					"@executable_path/Frameworks",
				);
				PRODUCT_BUNDLE_IDENTIFIER = DarkModeTest.NotificationListenerTest;
				PRODUCT_NAME = "$(TARGET_NAME)";
				SWIFT_VERSION = 5.0;
				TARGETED_DEVICE_FAMILY = "1,2";
			};
			name = Release;
		};
		BCA4D317249A87E00031C56E /* Debug */ = {
			isa = XCBuildConfiguration;
			buildSettings = {
				ALWAYS_EMBED_SWIFT_STANDARD_LIBRARIES = YES;
				BUNDLE_LOADER = "$(TEST_HOST)";
				CODE_SIGN_STYLE = Automatic;
				INFOPLIST_FILE = NotificationListenerTestTests/Info.plist;
				IPHONEOS_DEPLOYMENT_TARGET = 13.2;
				LD_RUNPATH_SEARCH_PATHS = (
					"$(inherited)",
					"@executable_path/Frameworks",
					"@loader_path/Frameworks",
				);
				PRODUCT_BUNDLE_IDENTIFIER = DarkModeTest.NotificationListenerTestTests;
				PRODUCT_NAME = "$(TARGET_NAME)";
				SWIFT_VERSION = 5.0;
				TARGETED_DEVICE_FAMILY = "1,2";
				TEST_HOST = "$(BUILT_PRODUCTS_DIR)/NotificationListenerTest.app/NotificationListenerTest";
			};
			name = Debug;
		};
		BCA4D318249A87E00031C56E /* Release */ = {
			isa = XCBuildConfiguration;
			buildSettings = {
				ALWAYS_EMBED_SWIFT_STANDARD_LIBRARIES = YES;
				BUNDLE_LOADER = "$(TEST_HOST)";
				CODE_SIGN_STYLE = Automatic;
				INFOPLIST_FILE = NotificationListenerTestTests/Info.plist;
				IPHONEOS_DEPLOYMENT_TARGET = 13.2;
				LD_RUNPATH_SEARCH_PATHS = (
					"$(inherited)",
					"@executable_path/Frameworks",
					"@loader_path/Frameworks",
				);
				PRODUCT_BUNDLE_IDENTIFIER = DarkModeTest.NotificationListenerTestTests;
				PRODUCT_NAME = "$(TARGET_NAME)";
				SWIFT_VERSION = 5.0;
				TARGETED_DEVICE_FAMILY = "1,2";
				TEST_HOST = "$(BUILT_PRODUCTS_DIR)/NotificationListenerTest.app/NotificationListenerTest";
			};
			name = Release;
		};
		BCA4D31A249A87E00031C56E /* Debug */ = {
			isa = XCBuildConfiguration;
			buildSettings = {
				ALWAYS_EMBED_SWIFT_STANDARD_LIBRARIES = YES;
				CODE_SIGN_STYLE = Automatic;
				INFOPLIST_FILE = NotificationListenerTestUITests/Info.plist;
				LD_RUNPATH_SEARCH_PATHS = (
					"$(inherited)",
					"@executable_path/Frameworks",
					"@loader_path/Frameworks",
				);
				PRODUCT_BUNDLE_IDENTIFIER = DarkModeTest.NotificationListenerTestUITests;
				PRODUCT_NAME = "$(TARGET_NAME)";
				SWIFT_VERSION = 5.0;
				TARGETED_DEVICE_FAMILY = "1,2";
				TEST_TARGET_NAME = NotificationListenerTest;
			};
			name = Debug;
		};
		BCA4D31B249A87E00031C56E /* Release */ = {
			isa = XCBuildConfiguration;
			buildSettings = {
				ALWAYS_EMBED_SWIFT_STANDARD_LIBRARIES = YES;
				CODE_SIGN_STYLE = Automatic;
				INFOPLIST_FILE = NotificationListenerTestUITests/Info.plist;
				LD_RUNPATH_SEARCH_PATHS = (
					"$(inherited)",
					"@executable_path/Frameworks",
					"@loader_path/Frameworks",
				);
				PRODUCT_BUNDLE_IDENTIFIER = DarkModeTest.NotificationListenerTestUITests;
				PRODUCT_NAME = "$(TARGET_NAME)";
				SWIFT_VERSION = 5.0;
				TARGETED_DEVICE_FAMILY = "1,2";
				TEST_TARGET_NAME = NotificationListenerTest;
			};
			name = Release;
		};
/* End XCBuildConfiguration section */

/* Begin XCConfigurationList section */
		BCA4D2E4249A87DE0031C56E /* Build configuration list for PBXProject "NotificationListenerTest" */ = {
			isa = XCConfigurationList;
			buildConfigurations = (
				BCA4D311249A87E00031C56E /* Debug */,
				BCA4D312249A87E00031C56E /* Release */,
			);
			defaultConfigurationIsVisible = 0;
			defaultConfigurationName = Release;
		};
		BCA4D313249A87E00031C56E /* Build configuration list for PBXNativeTarget "NotificationListenerTest" */ = {
			isa = XCConfigurationList;
			buildConfigurations = (
				BCA4D314249A87E00031C56E /* Debug */,
				BCA4D315249A87E00031C56E /* Release */,
			);
			defaultConfigurationIsVisible = 0;
			defaultConfigurationName = Release;
		};
		BCA4D316249A87E00031C56E /* Build configuration list for PBXNativeTarget "NotificationListenerTestTests" */ = {
			isa = XCConfigurationList;
			buildConfigurations = (
				BCA4D317249A87E00031C56E /* Debug */,
				BCA4D318249A87E00031C56E /* Release */,
			);
			defaultConfigurationIsVisible = 0;
			defaultConfigurationName = Release;
		};
		BCA4D319249A87E00031C56E /* Build configuration list for PBXNativeTarget "NotificationListenerTestUITests" */ = {
			isa = XCConfigurationList;
			buildConfigurations = (
				BCA4D31A249A87E00031C56E /* Debug */,
				BCA4D31B249A87E00031C56E /* Release */,
			);
			defaultConfigurationIsVisible = 0;
			defaultConfigurationName = Release;
		};
/* End XCConfigurationList section */
	};
	rootObject = BCA4D2E1249A87DE0031C56E /* Project object */;
}
